// !$*UTF8*$!
{
	archiveVersion = 1;
	classes = {
	};
	objectVersion = 50;
	objects = {

/* Begin PBXBuildFile section */
		964D55DA2450DB5600512D4E /* AppDelegate.swift in Sources */ = {isa = PBXBuildFile; fileRef = 964D55D92450DB5600512D4E /* AppDelegate.swift */; };
		964D55DC2450DB5600512D4E /* SceneDelegate.swift in Sources */ = {isa = PBXBuildFile; fileRef = 964D55DB2450DB5600512D4E /* SceneDelegate.swift */; };
		964D55DE2450DB5600512D4E /* ContentView.swift in Sources */ = {isa = PBXBuildFile; fileRef = 964D55DD2450DB5600512D4E /* ContentView.swift */; };
		964D55E02450DB5700512D4E /* Assets.xcassets in Resources */ = {isa = PBXBuildFile; fileRef = 964D55DF2450DB5700512D4E /* Assets.xcassets */; };
		964D55E32450DB5700512D4E /* Preview Assets.xcassets in Resources */ = {isa = PBXBuildFile; fileRef = 964D55E22450DB5700512D4E /* Preview Assets.xcassets */; };
		964D55E62450DB5700512D4E /* LaunchScreen.storyboard in Resources */ = {isa = PBXBuildFile; fileRef = 964D55E42450DB5700512D4E /* LaunchScreen.storyboard */; };
/* End PBXBuildFile section */

/* Begin PBXFileReference section */
		964D55D62450DB5600512D4E /* GuessTheFlag.app */ = {isa = PBXFileReference; explicitFileType = wrapper.application; includeInIndex = 0; path = GuessTheFlag.app; sourceTree = BUILT_PRODUCTS_DIR; };
		964D55D92450DB5600512D4E /* AppDelegate.swift */ = {isa = PBXFileReference; lastKnownFileType = sourcecode.swift; path = AppDelegate.swift; sourceTree = "<group>"; };
		964D55DB2450DB5600512D4E /* SceneDelegate.swift */ = {isa = PBXFileReference; lastKnownFileType = sourcecode.swift; path = SceneDelegate.swift; sourceTree = "<group>"; };
		964D55DD2450DB5600512D4E /* ContentView.swift */ = {isa = PBXFileReference; lastKnownFileType = sourcecode.swift; path = ContentView.swift; sourceTree = "<group>"; };
		964D55DF2450DB5700512D4E /* Assets.xcassets */ = {isa = PBXFileReference; lastKnownFileType = folder.assetcatalog; path = Assets.xcassets; sourceTree = "<group>"; };
		964D55E22450DB5700512D4E /* Preview Assets.xcassets */ = {isa = PBXFileReference; lastKnownFileType = folder.assetcatalog; path = "Preview Assets.xcassets"; sourceTree = "<group>"; };
		964D55E52450DB5700512D4E /* Base */ = {isa = PBXFileReference; lastKnownFileType = file.storyboard; name = Base; path = Base.lproj/LaunchScreen.storyboard; sourceTree = "<group>"; };
		964D55E72450DB5700512D4E /* Info.plist */ = {isa = PBXFileReference; lastKnownFileType = text.plist.xml; path = Info.plist; sourceTree = "<group>"; };
/* End PBXFileReference section */

/* Begin PBXFrameworksBuildPhase section */
		964D55D32450DB5600512D4E /* Frameworks */ = {
			isa = PBXFrameworksBuildPhase;
			buildActionMask = 2147483647;
			files = (
			);
			runOnlyForDeploymentPostprocessing = 0;
		};
/* End PBXFrameworksBuildPhase section */

/* Begin PBXGroup section */
		964D55CD2450DB5600512D4E = {
			isa = PBXGroup;
			children = (
				964D55D82450DB5600512D4E /* GuessTheFlag */,
				964D55D72450DB5600512D4E /* Products */,
			);
			sourceTree = "<group>";
		};
		964D55D72450DB5600512D4E /* Products */ = {
			isa = PBXGroup;
			children = (
				964D55D62450DB5600512D4E /* GuessTheFlag.app */,
			);
			name = Products;
			sourceTree = "<group>";
		};
		964D55D82450DB5600512D4E /* GuessTheFlag */ = {
			isa = PBXGroup;
			children = (
				964D55D92450DB5600512D4E /* AppDelegate.swift */,
				964D55DB2450DB5600512D4E /* SceneDelegate.swift */,
				964D55DD2450DB5600512D4E /* ContentView.swift */,
				964D55DF2450DB5700512D4E /* Assets.xcassets */,
				964D55E42450DB5700512D4E /* LaunchScreen.storyboard */,
				964D55E72450DB5700512D4E /* Info.plist */,
				964D55E12450DB5700512D4E /* Preview Content */,
			);
			path = GuessTheFlag;
			sourceTree = "<group>";
		};
		964D55E12450DB5700512D4E /* Preview Content */ = {
			isa = PBXGroup;
			children = (
				964D55E22450DB5700512D4E /* Preview Assets.xcassets */,
			);
			path = "Preview Content";
			sourceTree = "<group>";
		};
/* End PBXGroup section */

/* Begin PBXNativeTarget section */
		964D55D52450DB5600512D4E /* GuessTheFlag */ = {
			isa = PBXNativeTarget;
			buildConfigurationList = 964D55EA2450DB5700512D4E /* Build configuration list for PBXNativeTarget "GuessTheFlag" */;
			buildPhases = (
				964D55D22450DB5600512D4E /* Sources */,
				964D55D32450DB5600512D4E /* Frameworks */,
				964D55D42450DB5600512D4E /* Resources */,
			);
			buildRules = (
			);
			dependencies = (
			);
			name = GuessTheFlag;
			productName = GuessTheFlag;
			productReference = 964D55D62450DB5600512D4E /* GuessTheFlag.app */;
			productType = "com.apple.product-type.application";
		};
/* End PBXNativeTarget section */

/* Begin PBXProject section */
		964D55CE2450DB5600512D4E /* Project object */ = {
			isa = PBXProject;
			attributes = {
				LastSwiftUpdateCheck = 1140;
				LastUpgradeCheck = 1140;
				ORGANIZATIONNAME = "Chris Wu";
				TargetAttributes = {
					964D55D52450DB5600512D4E = {
						CreatedOnToolsVersion = 11.4.1;
					};
				};
			};
			buildConfigurationList = 964D55D12450DB5600512D4E /* Build configuration list for PBXProject "GuessTheFlag" */;
			compatibilityVersion = "Xcode 9.3";
			developmentRegion = en;
			hasScannedForEncodings = 0;
			knownRegions = (
				en,
				Base,
			);
			mainGroup = 964D55CD2450DB5600512D4E;
			productRefGroup = 964D55D72450DB5600512D4E /* Products */;
			projectDirPath = "";
			projectRoot = "";
			targets = (
				964D55D52450DB5600512D4E /* GuessTheFlag */,
			);
		};
/* End PBXProject section */

/* Begin PBXResourcesBuildPhase section */
		964D55D42450DB5600512D4E /* Resources */ = {
			isa = PBXResourcesBuildPhase;
			buildActionMask = 2147483647;
			files = (
				964D55E62450DB5700512D4E /* LaunchScreen.storyboard in Resources */,
				964D55E32450DB5700512D4E /* Preview Assets.xcassets in Resources */,
				964D55E02450DB5700512D4E /* Assets.xcassets in Resources */,
			);
			runOnlyForDeploymentPostprocessing = 0;
		};
/* End PBXResourcesBuildPhase section */

/* Begin PBXSourcesBuildPhase section */
		964D55D22450DB5600512D4E /* Sources */ = {
			isa = PBXSourcesBuildPhase;
			buildActionMask = 2147483647;
			files = (
				964D55DA2450DB5600512D4E /* AppDelegate.swift in Sources */,
				964D55DC2450DB5600512D4E /* SceneDelegate.swift in Sources */,
				964D55DE2450DB5600512D4E /* ContentView.swift in Sources */,
			);
			runOnlyForDeploymentPostprocessing = 0;
		};
/* End PBXSourcesBuildPhase section */

/* Begin PBXVariantGroup section */
		964D55E42450DB5700512D4E /* LaunchScreen.storyboard */ = {
			isa = PBXVariantGroup;
			children = (
				964D55E52450DB5700512D4E /* Base */,
			);
			name = LaunchScreen.storyboard;
			sourceTree = "<group>";
		};
/* End PBXVariantGroup section */

/* Begin XCBuildConfiguration section */
		964D55E82450DB5700512D4E /* Debug */ = {
			isa = XCBuildConfiguration;
			buildSettings = {
				ALWAYS_SEARCH_USER_PATHS = NO;
				CLANG_ANALYZER_NONNULL = YES;
				CLANG_ANALYZER_NUMBER_OBJECT_CONVERSION = YES_AGGRESSIVE;
				CLANG_CXX_LANGUAGE_STANDARD = "gnu++14";
				CLANG_CXX_LIBRARY = "libc++";
				CLANG_ENABLE_MODULES = YES;
				CLANG_ENABLE_OBJC_ARC = YES;
				CLANG_ENABLE_OBJC_WEAK = YES;
				CLANG_WARN_BLOCK_CAPTURE_AUTORELEASING = YES;
				CLANG_WARN_BOOL_CONVERSION = YES;
				CLANG_WARN_COMMA = YES;
				CLANG_WARN_CONSTANT_CONVERSION = YES;
				CLANG_WARN_DEPRECATED_OBJC_IMPLEMENTATIONS = YES;
				CLANG_WARN_DIRECT_OBJC_ISA_USAGE = YES_ERROR;
				CLANG_WARN_DOCUMENTATION_COMMENTS = YES;
				CLANG_WARN_EMPTY_BODY = YES;
				CLANG_WARN_ENUM_CONVERSION = YES;
				CLANG_WARN_INFINITE_RECURSION = YES;
				CLANG_WARN_INT_CONVERSION = YES;
				CLANG_WARN_NON_LITERAL_NULL_CONVERSION = YES;
				CLANG_WARN_OBJC_IMPLICIT_RETAIN_SELF = YES;
				CLANG_WARN_OBJC_LITERAL_CONVERSION = YES;
				CLANG_WARN_OBJC_ROOT_CLASS = YES_ERROR;
				CLANG_WARN_RANGE_LOOP_ANALYSIS = YES;
				CLANG_WARN_STRICT_PROTOTYPES = YES;
				CLANG_WARN_SUSPICIOUS_MOVE = YES;
				CLANG_WARN_UNGUARDED_AVAILABILITY = YES_AGGRESSIVE;
				CLANG_WARN_UNREACHABLE_CODE = YES;
				CLANG_WARN__DUPLICATE_METHOD_MATCH = YES;
				COPY_PHASE_STRIP = NO;
				DEBUG_INFORMATION_FORMAT = dwarf;
				ENABLE_STRICT_OBJC_MSGSEND = YES;
				ENABLE_TESTABILITY = YES;
				GCC_C_LANGUAGE_STANDARD = gnu11;
				GCC_DYNAMIC_NO_PIC = NO;
				GCC_NO_COMMON_BLOCKS = YES;
				GCC_OPTIMIZATION_LEVEL = 0;
				GCC_PREPROCESSOR_DEFINITIONS = (
					"DEBUG=1",
					"$(inherited)",
				);
				GCC_WARN_64_TO_32_BIT_CONVERSION = YES;
				GCC_WARN_ABOUT_RETURN_TYPE = YES_ERROR;
				GCC_WARN_UNDECLARED_SELECTOR = YES;
				GCC_WARN_UNINITIALIZED_AUTOS = YES_AGGRESSIVE;
				GCC_WARN_UNUSED_FUNCTION = YES;
				GCC_WARN_UNUSED_VARIABLE = YES;
				IPHONEOS_DEPLOYMENT_TARGET = 13.4;
				MTL_ENABLE_DEBUG_INFO = INCLUDE_SOURCE;
				MTL_FAST_MATH = YES;
				ONLY_ACTIVE_ARCH = YES;
				SDKROOT = iphoneos;
				SWIFT_ACTIVE_COMPILATION_CONDITIONS = DEBUG;
				SWIFT_OPTIMIZATION_LEVEL = "-Onone";
			};
			name = Debug;
		};
		964D55E92450DB5700512D4E /* Release */ = {
			isa = XCBuildConfiguration;
			buildSettings = {
				ALWAYS_SEARCH_USER_PATHS = NO;
				CLANG_ANALYZER_NONNULL = YES;
				CLANG_ANALYZER_NUMBER_OBJECT_CONVERSION = YES_AGGRESSIVE;
				CLANG_CXX_LANGUAGE_STANDARD = "gnu++14";
				CLANG_CXX_LIBRARY = "libc++";
				CLANG_ENABLE_MODULES = YES;
				CLANG_ENABLE_OBJC_ARC = YES;
				CLANG_ENABLE_OBJC_WEAK = YES;
				CLANG_WARN_BLOCK_CAPTURE_AUTORELEASING = YES;
				CLANG_WARN_BOOL_CONVERSION = YES;
				CLANG_WARN_COMMA = YES;
				CLANG_WARN_CONSTANT_CONVERSION = YES;
				CLANG_WARN_DEPRECATED_OBJC_IMPLEMENTATIONS = YES;
				CLANG_WARN_DIRECT_OBJC_ISA_USAGE = YES_ERROR;
				CLANG_WARN_DOCUMENTATION_COMMENTS = YES;
				CLANG_WARN_EMPTY_BODY = YES;
				CLANG_WARN_ENUM_CONVERSION = YES;
				CLANG_WARN_INFINITE_RECURSION = YES;
				CLANG_WARN_INT_CONVERSION = YES;
				CLANG_WARN_NON_LITERAL_NULL_CONVERSION = YES;
				CLANG_WARN_OBJC_IMPLICIT_RETAIN_SELF = YES;
				CLANG_WARN_OBJC_LITERAL_CONVERSION = YES;
				CLANG_WARN_OBJC_ROOT_CLASS = YES_ERROR;
				CLANG_WARN_RANGE_LOOP_ANALYSIS = YES;
				CLANG_WARN_STRICT_PROTOTYPES = YES;
				CLANG_WARN_SUSPICIOUS_MOVE = YES;
				CLANG_WARN_UNGUARDED_AVAILABILITY = YES_AGGRESSIVE;
				CLANG_WARN_UNREACHABLE_CODE = YES;
				CLANG_WARN__DUPLICATE_METHOD_MATCH = YES;
				COPY_PHASE_STRIP = NO;
				DEBUG_INFORMATION_FORMAT = "dwarf-with-dsym";
				ENABLE_NS_ASSERTIONS = NO;
				ENABLE_STRICT_OBJC_MSGSEND = YES;
				GCC_C_LANGUAGE_STANDARD = gnu11;
				GCC_NO_COMMON_BLOCKS = YES;
				GCC_WARN_64_TO_32_BIT_CONVERSION = YES;
				GCC_WARN_ABOUT_RETURN_TYPE = YES_ERROR;
				GCC_WARN_UNDECLARED_SELECTOR = YES;
				GCC_WARN_UNINITIALIZED_AUTOS = YES_AGGRESSIVE;
				GCC_WARN_UNUSED_FUNCTION = YES;
				GCC_WARN_UNUSED_VARIABLE = YES;
				IPHONEOS_DEPLOYMENT_TARGET = 13.4;
				MTL_ENABLE_DEBUG_INFO = NO;
				MTL_FAST_MATH = YES;
				SDKROOT = iphoneos;
				SWIFT_COMPILATION_MODE = wholemodule;
				SWIFT_OPTIMIZATION_LEVEL = "-O";
				VALIDATE_PRODUCT = YES;
			};
			name = Release;
		};
		964D55EB2450DB5700512D4E /* Debug */ = {
			isa = XCBuildConfiguration;
			buildSettings = {
				ASSETCATALOG_COMPILER_APPICON_NAME = AppIcon;
				CODE_SIGN_STYLE = Automatic;
				DEVELOPMENT_ASSET_PATHS = "\"GuessTheFlag/Preview Content\"";
				DEVELOPMENT_TEAM = G8N56TCR6L;
				ENABLE_PREVIEWS = YES;
				INFOPLIST_FILE = GuessTheFlag/Info.plist;
				LD_RUNPATH_SEARCH_PATHS = (
					"$(inherited)",
					"@executable_path/Frameworks",
				);
				PRODUCT_BUNDLE_IDENTIFIER = edu.self.GuessTheFlag;
				PRODUCT_NAME = "$(TARGET_NAME)";
				SWIFT_VERSION = 5.0;
				TARGETED_DEVICE_FAMILY = "1,2";
			};
			name = Debug;
		};
		964D55EC2450DB5700512D4E /* Release */ = {
			isa = XCBuildConfiguration;
			buildSettings = {
				ASSETCATALOG_COMPILER_APPICON_NAME = AppIcon;
				CODE_SIGN_STYLE = Automatic;
				DEVELOPMENT_ASSET_PATHS = "\"GuessTheFlag/Preview Content\"";
				DEVELOPMENT_TEAM = G8N56TCR6L;
				ENABLE_PREVIEWS = YES;
				INFOPLIST_FILE = GuessTheFlag/Info.plist;
				LD_RUNPATH_SEARCH_PATHS = (
					"$(inherited)",
					"@executable_path/Frameworks",
				);
				PRODUCT_BUNDLE_IDENTIFIER = edu.self.GuessTheFlag;
				PRODUCT_NAME = "$(TARGET_NAME)";
				SWIFT_VERSION = 5.0;
				TARGETED_DEVICE_FAMILY = "1,2";
			};
			name = Release;
		};
/* End XCBuildConfiguration section */

/* Begin XCConfigurationList section */
		964D55D12450DB5600512D4E /* Build configuration list for PBXProject "GuessTheFlag" */ = {
			isa = XCConfigurationList;
			buildConfigurations = (
				964D55E82450DB5700512D4E /* Debug */,
				964D55E92450DB5700512D4E /* Release */,
			);
			defaultConfigurationIsVisible = 0;
			defaultConfigurationName = Release;
		};
		964D55EA2450DB5700512D4E /* Build configuration list for PBXNativeTarget "GuessTheFlag" */ = {
			isa = XCConfigurationList;
			buildConfigurations = (
				964D55EB2450DB5700512D4E /* Debug */,
				964D55EC2450DB5700512D4E /* Release */,
			);
			defaultConfigurationIsVisible = 0;
			defaultConfigurationName = Release;
		};
/* End XCConfigurationList section */
	};
	rootObject = 964D55CE2450DB5600512D4E /* Project object */;
}
